
Microsoft Visual Studio Solution File, Format Version 11.00
# Visual Studio 2010
Project("{FAE04EC0-301F-11D3-BF4B-00C04F79EFBC}") = "Atomia.Web.Frame", "..\Frame\Atomia.Web.Frame.csproj", "{30F886E5-ED4C-49B0-86E1-68954CA67E47}"
EndProject
Project("{FAE04EC0-301F-11D3-BF4B-00C04F79EFBC}") = "Atomia.Web.Plugin.PublicOrder", "..\Plugins\PublicOrder\Atomia.Web.Plugin.PublicOrder.csproj", "{D55DE931-4AD0-47DD-B544-4093F6ADD1D3}"
EndProject
Project("{930C7802-8A8C-48F9-8165-68863BCCD9DD}") = "AtomiaPHOPInstaller", "..\Setup\AtomiaPHOPInstaller.wixproj", "{DF7A707D-E20A-4587-9815-65D5F70CC8E3}"
EndProject
Project("{2150E333-8FDC-42A3-9474-1A3956D46DE8}") = "Solution Items", "Solution Items", "{902EA9E4-5CF9-41B1-B5B6-66AF9654F291}"
	ProjectSection(SolutionItems) = preProject
		SolutionInfo.cs = SolutionInfo.cs
	EndProjectSection
EndProject
Global
	GlobalSection(SubversionScc) = preSolution
		Svn-Managed = True
		Manager = AnkhSVN - Subversion Support for Visual Studio
	EndGlobalSection
	GlobalSection(SolutionConfigurationPlatforms) = preSolution
		Debug|Any CPU = Debug|Any CPU
		Debug|Mixed Platforms = Debug|Mixed Platforms
		Debug|x86 = Debug|x86
		Release|Any CPU = Release|Any CPU
		Release|Mixed Platforms = Release|Mixed Platforms
		Release|x86 = Release|x86
	EndGlobalSection
	GlobalSection(ProjectConfigurationPlatforms) = postSolution
		{30F886E5-ED4C-49B0-86E1-68954CA67E47}.Debug|Any CPU.ActiveCfg = Debug|Any CPU
		{30F886E5-ED4C-49B0-86E1-68954CA67E47}.Debug|Any CPU.Build.0 = Debug|Any CPU
		{30F886E5-ED4C-49B0-86E1-68954CA67E47}.Debug|Mixed Platforms.ActiveCfg = Debug|Any CPU
		{30F886E5-ED4C-49B0-86E1-68954CA67E47}.Debug|Mixed Platforms.Build.0 = Debug|Any CPU
		{30F886E5-ED4C-49B0-86E1-68954CA67E47}.Debug|x86.ActiveCfg = Debug|Any CPU
		{30F886E5-ED4C-49B0-86E1-68954CA67E47}.Release|Any CPU.ActiveCfg = Release|Any CPU
		{30F886E5-ED4C-49B0-86E1-68954CA67E47}.Release|Any CPU.Build.0 = Release|Any CPU
		{30F886E5-ED4C-49B0-86E1-68954CA67E47}.Release|Mixed Platforms.ActiveCfg = Release|Any CPU
		{30F886E5-ED4C-49B0-86E1-68954CA67E47}.Release|Mixed Platforms.Build.0 = Release|Any CPU
		{30F886E5-ED4C-49B0-86E1-68954CA67E47}.Release|x86.ActiveCfg = Release|Any CPU
		{D55DE931-4AD0-47DD-B544-4093F6ADD1D3}.Debug|Any CPU.ActiveCfg = Debug|Any CPU
		{D55DE931-4AD0-47DD-B544-4093F6ADD1D3}.Debug|Any CPU.Build.0 = Debug|Any CPU
		{D55DE931-4AD0-47DD-B544-4093F6ADD1D3}.Debug|Mixed Platforms.ActiveCfg = Debug|Any CPU
		{D55DE931-4AD0-47DD-B544-4093F6ADD1D3}.Debug|Mixed Platforms.Build.0 = Debug|Any CPU
		{D55DE931-4AD0-47DD-B544-4093F6ADD1D3}.Debug|x86.ActiveCfg = Debug|Any CPU
		{D55DE931-4AD0-47DD-B544-4093F6ADD1D3}.Release|Any CPU.ActiveCfg = Release|Any CPU
		{D55DE931-4AD0-47DD-B544-4093F6ADD1D3}.Release|Any CPU.Build.0 = Release|Any CPU
		{D55DE931-4AD0-47DD-B544-4093F6ADD1D3}.Release|Mixed Platforms.ActiveCfg = Release|Any CPU
		{D55DE931-4AD0-47DD-B544-4093F6ADD1D3}.Release|Mixed Platforms.Build.0 = Release|Any CPU
		{D55DE931-4AD0-47DD-B544-4093F6ADD1D3}.Release|x86.ActiveCfg = Release|Any CPU
		{DF7A707D-E20A-4587-9815-65D5F70CC8E3}.Debug|Any CPU.ActiveCfg = Debug|x86
		{DF7A707D-E20A-4587-9815-65D5F70CC8E3}.Debug|Mixed Platforms.ActiveCfg = Debug|x64
		{DF7A707D-E20A-4587-9815-65D5F70CC8E3}.Debug|x86.ActiveCfg = Debug|x86
		{DF7A707D-E20A-4587-9815-65D5F70CC8E3}.Debug|x86.Build.0 = Debug|x86
		{DF7A707D-E20A-4587-9815-65D5F70CC8E3}.Release|Any CPU.ActiveCfg = Release|x86
		{DF7A707D-E20A-4587-9815-65D5F70CC8E3}.Release|Mixed Platforms.ActiveCfg = Release|x64
		{DF7A707D-E20A-4587-9815-65D5F70CC8E3}.Release|Mixed Platforms.Build.0 = Release|x64
		{DF7A707D-E20A-4587-9815-65D5F70CC8E3}.Release|x86.ActiveCfg = Release|x86
		{DF7A707D-E20A-4587-9815-65D5F70CC8E3}.Release|x86.Build.0 = Release|x86
	EndGlobalSection
	GlobalSection(SolutionProperties) = preSolution
		HideSolutionNode = FALSE
	EndGlobalSection
EndGlobal
